// !$*UTF8*$!
{
	archiveVersion = 1;
	classes = {
	};
	objectVersion = 46;
	objects = {

/* Begin PBXBuildFile section */
		1D3623260D0F684500981E51 /* HangulizeAppDelegate.m in Sources */ = {isa = PBXBuildFile; fileRef = 1D3623250D0F684500981E51 /* HangulizeAppDelegate.m */; };
		1D60589B0D05DD56006BFB54 /* main.m in Sources */ = {isa = PBXBuildFile; fileRef = 29B97316FDCFA39411CA2CEA /* main.m */; };
		1D60589F0D05DD5A006BFB54 /* Foundation.framework in Frameworks */ = {isa = PBXBuildFile; fileRef = 1D30AB110D05D00D00671497 /* Foundation.framework */; };
		1DF5F4E00D08C38300B7A737 /* UIKit.framework in Frameworks */ = {isa = PBXBuildFile; fileRef = 1DF5F4DF0D08C38300B7A737 /* UIKit.framework */; };
		288765A50DF7441C002DB57D /* CoreGraphics.framework in Frameworks */ = {isa = PBXBuildFile; fileRef = 288765A40DF7441C002DB57D /* CoreGraphics.framework */; };
		28AD733F0D9D9553002E5188 /* MainWindow.xib in Resources */ = {isa = PBXBuildFile; fileRef = 28AD733E0D9D9553002E5188 /* MainWindow.xib */; };
		38DAD5DD12FC0A420096F606 /* Default.png in Resources */ = {isa = PBXBuildFile; fileRef = 38DAD5DC12FC0A420096F606 /* Default.png */; };
		38DAD67F12FC1B750096F606 /* common.strings in Resources */ = {isa = PBXBuildFile; fileRef = 38DAD67B12FC1B750096F606 /* common.strings */; };
		38DAD68012FC1B750096F606 /* hangulize.strings in Resources */ = {isa = PBXBuildFile; fileRef = 38DAD67D12FC1B750096F606 /* hangulize.strings */; };
		38DAD6E212FC2B390096F606 /* Icon57.png in Resources */ = {isa = PBXBuildFile; fileRef = 38DAD6DF12FC2B390096F606 /* Icon57.png */; };
		38DAD6E312FC2B390096F606 /* Icon72.png in Resources */ = {isa = PBXBuildFile; fileRef = 38DAD6E012FC2B390096F606 /* Icon72.png */; };
		38DAD6E412FC2B390096F606 /* Icon114.png in Resources */ = {isa = PBXBuildFile; fileRef = 38DAD6E112FC2B390096F606 /* Icon114.png */; };
		38E48DD0168196BA00BD4F6D /* libPods.a in Frameworks */ = {isa = PBXBuildFile; fileRef = 38E48DCF168196BA00BD4F6D /* libPods.a */; };
		38E48DD216819AA500BD4F6D /* Default@2x.png in Resources */ = {isa = PBXBuildFile; fileRef = 38E48DD116819AA500BD4F6D /* Default@2x.png */; };
		38E48DD416819AA900BD4F6D /* Default-568h@2x.png in Resources */ = {isa = PBXBuildFile; fileRef = 38E48DD316819AA900BD4F6D /* Default-568h@2x.png */; };
		38E48DDC1681A57C00BD4F6D /* PreferenceViewController.xib in Resources */ = {isa = PBXBuildFile; fileRef = 38E48DDE1681A57C00BD4F6D /* PreferenceViewController.xib */; };
		38E48DE11681A68200BD4F6D /* HangulizeViewController.xib in Resources */ = {isa = PBXBuildFile; fileRef = 38E48DE01681A68200BD4F6D /* HangulizeViewController.xib */; };
		D46F7C2E12F330B8007B39A2 /* HangulizeViewController.m in Sources */ = {isa = PBXBuildFile; fileRef = D46F7C2C12F330B8007B39A2 /* HangulizeViewController.m */; };
		D46F7C3212F330DC007B39A2 /* LanguageTitleViewContainer.xib in Resources */ = {isa = PBXBuildFile; fileRef = D46F7C3112F330DC007B39A2 /* LanguageTitleViewContainer.xib */; };
		D46F7C6712F34773007B39A2 /* PreferenceViewController.m in Sources */ = {isa = PBXBuildFile; fileRef = D46F7C6512F34773007B39A2 /* PreferenceViewController.m */; };
		D4D99F0012ED23CE00B24897 /* logo.png in Resources */ = {isa = PBXBuildFile; fileRef = D4D99EFF12ED23CE00B24897 /* logo.png */; };
/* End PBXBuildFile section */

/* Begin PBXFileReference section */
		07ACA07E8CEB44E3AA9CF54A /* Pods.xcconfig */ = {isa = PBXFileReference; includeInIndex = 1; lastKnownFileType = text.xcconfig; name = Pods.xcconfig; path = Pods/Pods.xcconfig; sourceTree = SOURCE_ROOT; };
		1D30AB110D05D00D00671497 /* Foundation.framework */ = {isa = PBXFileReference; includeInIndex = 1; lastKnownFileType = wrapper.framework; name = Foundation.framework; path = System/Library/Frameworks/Foundation.framework; sourceTree = SDKROOT; };
		1D3623240D0F684500981E51 /* HangulizeAppDelegate.h */ = {isa = PBXFileReference; fileEncoding = 4; lastKnownFileType = sourcecode.c.h; path = HangulizeAppDelegate.h; sourceTree = "<group>"; };
		1D3623250D0F684500981E51 /* HangulizeAppDelegate.m */ = {isa = PBXFileReference; fileEncoding = 4; lastKnownFileType = sourcecode.c.objc; path = HangulizeAppDelegate.m; sourceTree = "<group>"; };
		1D6058910D05DD3D006BFB54 /* Hangulize.app */ = {isa = PBXFileReference; explicitFileType = wrapper.application; includeInIndex = 0; path = Hangulize.app; sourceTree = BUILT_PRODUCTS_DIR; };
		1DF5F4DF0D08C38300B7A737 /* UIKit.framework */ = {isa = PBXFileReference; includeInIndex = 1; lastKnownFileType = wrapper.framework; name = UIKit.framework; path = System/Library/Frameworks/UIKit.framework; sourceTree = SDKROOT; };
		288765A40DF7441C002DB57D /* CoreGraphics.framework */ = {isa = PBXFileReference; includeInIndex = 1; lastKnownFileType = wrapper.framework; name = CoreGraphics.framework; path = System/Library/Frameworks/CoreGraphics.framework; sourceTree = SDKROOT; };
		28AD733E0D9D9553002E5188 /* MainWindow.xib */ = {isa = PBXFileReference; lastKnownFileType = file.xib; path = MainWindow.xib; sourceTree = "<group>"; };
		29B97316FDCFA39411CA2CEA /* main.m */ = {isa = PBXFileReference; fileEncoding = 4; lastKnownFileType = sourcecode.c.objc; path = main.m; sourceTree = "<group>"; };
		32CA4F630368D1EE00C91783 /* Hangulize_Prefix.pch */ = {isa = PBXFileReference; fileEncoding = 4; lastKnownFileType = sourcecode.c.h; path = Hangulize_Prefix.pch; sourceTree = "<group>"; };
		3855B008163C458E005584CD /* libPods.a */ = {isa = PBXFileReference; lastKnownFileType = archive.ar; name = libPods.a; path = "Pods/build/Release-iphoneos/libPods.a"; sourceTree = "<group>"; };
		38DAD5DC12FC0A420096F606 /* Default.png */ = {isa = PBXFileReference; lastKnownFileType = image.png; path = Default.png; sourceTree = "<group>"; };
		38DAD67C12FC1B750096F606 /* ko */ = {isa = PBXFileReference; fileEncoding = 4; lastKnownFileType = text.plist.strings; name = ko; path = ko.lproj/common.strings; sourceTree = "<group>"; };
		38DAD67E12FC1B750096F606 /* ko */ = {isa = PBXFileReference; fileEncoding = 4; lastKnownFileType = text.plist.strings; name = ko; path = ko.lproj/hangulize.strings; sourceTree = "<group>"; };
		38DAD68112FC1B7E0096F606 /* en */ = {isa = PBXFileReference; lastKnownFileType = text.plist.strings; name = en; path = en.lproj/common.strings; sourceTree = "<group>"; };
		38DAD68212FC1B7E0096F606 /* en */ = {isa = PBXFileReference; lastKnownFileType = text.plist.strings; name = en; path = en.lproj/hangulize.strings; sourceTree = "<group>"; };
		38DAD6DF12FC2B390096F606 /* Icon57.png */ = {isa = PBXFileReference; lastKnownFileType = image.png; path = Icon57.png; sourceTree = "<group>"; };
		38DAD6E012FC2B390096F606 /* Icon72.png */ = {isa = PBXFileReference; lastKnownFileType = image.png; path = Icon72.png; sourceTree = "<group>"; };
		38DAD6E112FC2B390096F606 /* Icon114.png */ = {isa = PBXFileReference; lastKnownFileType = image.png; path = Icon114.png; sourceTree = "<group>"; };
		38E48DCF168196BA00BD4F6D /* libPods.a */ = {isa = PBXFileReference; lastKnownFileType = archive.ar; name = libPods.a; path = "Pods/build/Release-iphoneos/libPods.a"; sourceTree = "<group>"; };
		38E48DD116819AA500BD4F6D /* Default@2x.png */ = {isa = PBXFileReference; lastKnownFileType = image.png; path = "Default@2x.png"; sourceTree = "<group>"; };
		38E48DD316819AA900BD4F6D /* Default-568h@2x.png */ = {isa = PBXFileReference; lastKnownFileType = image.png; path = "Default-568h@2x.png"; sourceTree = "<group>"; };
		38E48DDD1681A57C00BD4F6D /* en */ = {isa = PBXFileReference; lastKnownFileType = file.xib; name = en; path = en.lproj/PreferenceViewController.xib; sourceTree = "<group>"; };
		38E48DDF1681A58200BD4F6D /* ko */ = {isa = PBXFileReference; lastKnownFileType = file.xib; name = ko; path = ko.lproj/PreferenceViewController.xib; sourceTree = "<group>"; };
		38E48DE01681A68200BD4F6D /* HangulizeViewController.xib */ = {isa = PBXFileReference; fileEncoding = 4; lastKnownFileType = file.xib; path = HangulizeViewController.xib; sourceTree = "<group>"; };
		8D1107310486CEB800E47090 /* Hangulize-Info.plist */ = {isa = PBXFileReference; fileEncoding = 4; lastKnownFileType = text.plist.xml; path = "Hangulize-Info.plist"; plistStructureDefinitionIdentifier = "com.apple.xcode.plist.structure-definition.iphone.info-plist"; sourceTree = "<group>"; };
		D46F7C2B12F330B8007B39A2 /* HangulizeViewController.h */ = {isa = PBXFileReference; fileEncoding = 4; lastKnownFileType = sourcecode.c.h; path = HangulizeViewController.h; sourceTree = "<group>"; };
		D46F7C2C12F330B8007B39A2 /* HangulizeViewController.m */ = {isa = PBXFileReference; fileEncoding = 4; lastKnownFileType = sourcecode.c.objc; path = HangulizeViewController.m; sourceTree = "<group>"; };
		D46F7C3112F330DC007B39A2 /* LanguageTitleViewContainer.xib */ = {isa = PBXFileReference; lastKnownFileType = file.xib; path = LanguageTitleViewContainer.xib; sourceTree = "<group>"; };
		D46F7C6412F34773007B39A2 /* PreferenceViewController.h */ = {isa = PBXFileReference; fileEncoding = 4; lastKnownFileType = sourcecode.c.h; path = PreferenceViewController.h; sourceTree = "<group>"; };
		D46F7C6512F34773007B39A2 /* PreferenceViewController.m */ = {isa = PBXFileReference; fileEncoding = 4; lastKnownFileType = sourcecode.c.objc; path = PreferenceViewController.m; sourceTree = "<group>"; };
		D4D99EFF12ED23CE00B24897 /* logo.png */ = {isa = PBXFileReference; lastKnownFileType = image.png; path = logo.png; sourceTree = "<group>"; };
/* End PBXFileReference section */

/* Begin PBXFrameworksBuildPhase section */
		1D60588F0D05DD3D006BFB54 /* Frameworks */ = {
			isa = PBXFrameworksBuildPhase;
			buildActionMask = 2147483647;
			files = (
				1D60589F0D05DD5A006BFB54 /* Foundation.framework in Frameworks */,
				1DF5F4E00D08C38300B7A737 /* UIKit.framework in Frameworks */,
				288765A50DF7441C002DB57D /* CoreGraphics.framework in Frameworks */,
				38E48DD0168196BA00BD4F6D /* libPods.a in Frameworks */,
			);
			runOnlyForDeploymentPostprocessing = 0;
		};
/* End PBXFrameworksBuildPhase section */

/* Begin PBXGroup section */
		080E96DDFE201D6D7F000001 /* Classes */ = {
			isa = PBXGroup;
			children = (
				1D3623240D0F684500981E51 /* HangulizeAppDelegate.h */,
				1D3623250D0F684500981E51 /* HangulizeAppDelegate.m */,
			);
			path = Classes;
			sourceTree = "<group>";
		};
		19C28FACFE9D520D11CA2CBB /* Products */ = {
			isa = PBXGroup;
			children = (
				1D6058910D05DD3D006BFB54 /* Hangulize.app */,
			);
			name = Products;
			sourceTree = "<group>";
		};
		29B97314FDCFA39411CA2CEA /* CustomTemplate */ = {
			isa = PBXGroup;
			children = (
				38E48DD316819AA900BD4F6D /* Default-568h@2x.png */,
				38E48DD116819AA500BD4F6D /* Default@2x.png */,
				080E96DDFE201D6D7F000001 /* Classes */,
				D46F7C2A12F330B8007B39A2 /* Interfaces */,
				29B97315FDCFA39411CA2CEA /* Other Sources */,
				29B97317FDCFA39411CA2CEA /* Resources */,
				D4D99EFE12ED23CE00B24897 /* Images */,
				29B97323FDCFA39411CA2CEA /* Frameworks */,
				19C28FACFE9D520D11CA2CBB /* Products */,
				07ACA07E8CEB44E3AA9CF54A /* Pods.xcconfig */,
				38E48DCF168196BA00BD4F6D /* libPods.a */,
			);
			name = CustomTemplate;
			sourceTree = "<group>";
		};
		29B97315FDCFA39411CA2CEA /* Other Sources */ = {
			isa = PBXGroup;
			children = (
				32CA4F630368D1EE00C91783 /* Hangulize_Prefix.pch */,
				29B97316FDCFA39411CA2CEA /* main.m */,
			);
			name = "Other Sources";
			sourceTree = "<group>";
		};
		29B97317FDCFA39411CA2CEA /* Resources */ = {
			isa = PBXGroup;
			children = (
				28AD733E0D9D9553002E5188 /* MainWindow.xib */,
				8D1107310486CEB800E47090 /* Hangulize-Info.plist */,
				38DAD5DC12FC0A420096F606 /* Default.png */,
				38DAD6DF12FC2B390096F606 /* Icon57.png */,
				38DAD6E012FC2B390096F606 /* Icon72.png */,
				38DAD6E112FC2B390096F606 /* Icon114.png */,
			);
			name = Resources;
			sourceTree = "<group>";
		};
		29B97323FDCFA39411CA2CEA /* Frameworks */ = {
			isa = PBXGroup;
			children = (
				1DF5F4DF0D08C38300B7A737 /* UIKit.framework */,
				1D30AB110D05D00D00671497 /* Foundation.framework */,
				288765A40DF7441C002DB57D /* CoreGraphics.framework */,
				3855B008163C458E005584CD /* libPods.a */,
			);
			name = Frameworks;
			sourceTree = "<group>";
		};
		D46F7C2A12F330B8007B39A2 /* Interfaces */ = {
			isa = PBXGroup;
			children = (
				D46F7C2B12F330B8007B39A2 /* HangulizeViewController.h */,
				D46F7C2C12F330B8007B39A2 /* HangulizeViewController.m */,
				38E48DE01681A68200BD4F6D /* HangulizeViewController.xib */,
				D46F7C3112F330DC007B39A2 /* LanguageTitleViewContainer.xib */,
				38E48DDE1681A57C00BD4F6D /* PreferenceViewController.xib */,
				D46F7C6412F34773007B39A2 /* PreferenceViewController.h */,
				D46F7C6512F34773007B39A2 /* PreferenceViewController.m */,
				38DAD67B12FC1B750096F606 /* common.strings */,
				38DAD67D12FC1B750096F606 /* hangulize.strings */,
			);
			path = Interfaces;
			sourceTree = "<group>";
		};
		D4D99EFE12ED23CE00B24897 /* Images */ = {
			isa = PBXGroup;
			children = (
				D4D99EFF12ED23CE00B24897 /* logo.png */,
			);
			path = Images;
			sourceTree = "<group>";
		};
/* End PBXGroup section */

/* Begin PBXNativeTarget section */
		1D6058900D05DD3D006BFB54 /* Hangulize */ = {
			isa = PBXNativeTarget;
			buildConfigurationList = 1D6058960D05DD3E006BFB54 /* Build configuration list for PBXNativeTarget "Hangulize" */;
			buildPhases = (
				1D60588D0D05DD3D006BFB54 /* Resources */,
				1D60588E0D05DD3D006BFB54 /* Sources */,
				1D60588F0D05DD3D006BFB54 /* Frameworks */,
				1EE59E85DBA84F9C9943A87E /* Copy Pods Resources */,
			);
			buildRules = (
			);
			dependencies = (
			);
			name = Hangulize;
			productName = Hangulize;
			productReference = 1D6058910D05DD3D006BFB54 /* Hangulize.app */;
			productType = "com.apple.product-type.application";
		};
/* End PBXNativeTarget section */

/* Begin PBXProject section */
		29B97313FDCFA39411CA2CEA /* Project object */ = {
			isa = PBXProject;
			attributes = {
				ORGANIZATIONNAME = 3rddev.org;
			};
			buildConfigurationList = C01FCF4E08A954540054247B /* Build configuration list for PBXProject "Hangulize" */;
			compatibilityVersion = "Xcode 3.2";
			developmentRegion = English;
			hasScannedForEncodings = 1;
			knownRegions = (
				English,
				Japanese,
				French,
				German,
				Korean,
				en,
				ko,
			);
			mainGroup = 29B97314FDCFA39411CA2CEA /* CustomTemplate */;
			projectDirPath = "";
			projectRoot = "";
			targets = (
				1D6058900D05DD3D006BFB54 /* Hangulize */,
			);
		};
/* End PBXProject section */

/* Begin PBXResourcesBuildPhase section */
		1D60588D0D05DD3D006BFB54 /* Resources */ = {
			isa = PBXResourcesBuildPhase;
			buildActionMask = 2147483647;
			files = (
				28AD733F0D9D9553002E5188 /* MainWindow.xib in Resources */,
				D4D99F0012ED23CE00B24897 /* logo.png in Resources */,
				D46F7C3212F330DC007B39A2 /* LanguageTitleViewContainer.xib in Resources */,
				38DAD5DD12FC0A420096F606 /* Default.png in Resources */,
				38DAD67F12FC1B750096F606 /* common.strings in Resources */,
				38DAD68012FC1B750096F606 /* hangulize.strings in Resources */,
				38DAD6E212FC2B390096F606 /* Icon57.png in Resources */,
				38DAD6E312FC2B390096F606 /* Icon72.png in Resources */,
				38DAD6E412FC2B390096F606 /* Icon114.png in Resources */,
				38E48DD216819AA500BD4F6D /* Default@2x.png in Resources */,
				38E48DD416819AA900BD4F6D /* Default-568h@2x.png in Resources */,
				38E48DDC1681A57C00BD4F6D /* PreferenceViewController.xib in Resources */,
				38E48DE11681A68200BD4F6D /* HangulizeViewController.xib in Resources */,
			);
			runOnlyForDeploymentPostprocessing = 0;
		};
/* End PBXResourcesBuildPhase section */

/* Begin PBXShellScriptBuildPhase section */
		1EE59E85DBA84F9C9943A87E /* Copy Pods Resources */ = {
			isa = PBXShellScriptBuildPhase;
			buildActionMask = 2147483647;
			files = (
			);
			inputPaths = (
			);
			name = "Copy Pods Resources";
			outputPaths = (
			);
			runOnlyForDeploymentPostprocessing = 0;
			shellPath = /bin/sh;
			shellScript = "\"${SRCROOT}/Pods/Pods-resources.sh\"\n";
		};
/* End PBXShellScriptBuildPhase section */

/* Begin PBXSourcesBuildPhase section */
		1D60588E0D05DD3D006BFB54 /* Sources */ = {
			isa = PBXSourcesBuildPhase;
			buildActionMask = 2147483647;
			files = (
				1D60589B0D05DD56006BFB54 /* main.m in Sources */,
				1D3623260D0F684500981E51 /* HangulizeAppDelegate.m in Sources */,
				D46F7C2E12F330B8007B39A2 /* HangulizeViewController.m in Sources */,
				D46F7C6712F34773007B39A2 /* PreferenceViewController.m in Sources */,
			);
			runOnlyForDeploymentPostprocessing = 0;
		};
/* End PBXSourcesBuildPhase section */

/* Begin PBXVariantGroup section */
		38DAD67B12FC1B750096F606 /* common.strings */ = {
			isa = PBXVariantGroup;
			children = (
				38DAD68112FC1B7E0096F606 /* en */,
				38DAD67C12FC1B750096F606 /* ko */,
			);
			name = common.strings;
			sourceTree = "<group>";
		};
		38DAD67D12FC1B750096F606 /* hangulize.strings */ = {
			isa = PBXVariantGroup;
			children = (
				38DAD68212FC1B7E0096F606 /* en */,
				38DAD67E12FC1B750096F606 /* ko */,
			);
			name = hangulize.strings;
			sourceTree = "<group>";
		};
		38E48DDE1681A57C00BD4F6D /* PreferenceViewController.xib */ = {
			isa = PBXVariantGroup;
			children = (
				38E48DDD1681A57C00BD4F6D /* en */,
				38E48DDF1681A58200BD4F6D /* ko */,
			);
			name = PreferenceViewController.xib;
			sourceTree = "<group>";
		};
/* End PBXVariantGroup section */

/* Begin XCBuildConfiguration section */
		1D6058940D05DD3E006BFB54 /* Debug */ = {
			isa = XCBuildConfiguration;
			baseConfigurationReference = 07ACA07E8CEB44E3AA9CF54A /* Pods.xcconfig */;
			buildSettings = {
				COPY_PHASE_STRIP = NO;
				GCC_DYNAMIC_NO_PIC = NO;
				GCC_OPTIMIZATION_LEVEL = 0;
				GCC_PRECOMPILE_PREFIX_HEADER = YES;
				GCC_PREFIX_HEADER = Hangulize_Prefix.pch;
				INFOPLIST_FILE = "Hangulize-Info.plist";
				LIBRARY_SEARCH_PATHS = (
					"${PODS_ROOT}/CaulySDK/library",
					"${PODS_ROOT}/build/$(CONFIGURATION)$(EFFECTIVE_PLATFORM_NAME)",
				);
				PRODUCT_NAME = Hangulize;
			};
			name = Debug;
		};
		1D6058950D05DD3E006BFB54 /* Release */ = {
			isa = XCBuildConfiguration;
			baseConfigurationReference = 07ACA07E8CEB44E3AA9CF54A /* Pods.xcconfig */;
			buildSettings = {
				COPY_PHASE_STRIP = YES;
				GCC_PRECOMPILE_PREFIX_HEADER = YES;
				GCC_PREFIX_HEADER = Hangulize_Prefix.pch;
				INFOPLIST_FILE = "Hangulize-Info.plist";
				LIBRARY_SEARCH_PATHS = (
					"${PODS_ROOT}/CaulySDK/library",
					"${PODS_ROOT}/build/$(CONFIGURATION)$(EFFECTIVE_PLATFORM_NAME)",
				);
				PRODUCT_NAME = Hangulize;
				VALIDATE_PRODUCT = YES;
			};
			name = Release;
		};
		C01FCF4F08A954540054247B /* Debug */ = {
			isa = XCBuildConfiguration;
			buildSettings = {
				ARCHS = "$(ARCHS_STANDARD_32_BIT)";
				CODE_SIGN_IDENTITY = "iPhone Developer";
				GCC_C_LANGUAGE_STANDARD = c99;
				GCC_WARN_ABOUT_RETURN_TYPE = YES;
				GCC_WARN_UNUSED_VARIABLE = YES;
				IPHONEOS_DEPLOYMENT_TARGET = 4.3;
				OTHER_LDFLAGS = "-ObjC";
				PREBINDING = NO;
				PROVISIONING_PROFILE = "";
				SDKROOT = iphoneos;
			};
			name = Debug;
		};
		C01FCF5008A954540054247B /* Release */ = {
			isa = XCBuildConfiguration;
			buildSettings = {
				ARCHS = "$(ARCHS_STANDARD_32_BIT)";
				CODE_SIGN_IDENTITY = "iPhone Distribution";
				GCC_C_LANGUAGE_STANDARD = c99;
				GCC_WARN_ABOUT_RETURN_TYPE = YES;
				GCC_WARN_UNUSED_VARIABLE = YES;
				IPHONEOS_DEPLOYMENT_TARGET = 4.3;
				OTHER_CFLAGS = "-DNS_BLOCK_ASSERTIONS=1";
				OTHER_LDFLAGS = "-ObjC";
				PREBINDING = NO;
				PROVISIONING_PROFILE = "";
				SDKROOT = iphoneos;
			};
			name = Release;
		};
/* End XCBuildConfiguration section */

/* Begin XCConfigurationList section */
		1D6058960D05DD3E006BFB54 /* Build configuration list for PBXNativeTarget "Hangulize" */ = {
			isa = XCConfigurationList;
			buildConfigurations = (
				1D6058940D05DD3E006BFB54 /* Debug */,
				1D6058950D05DD3E006BFB54 /* Release */,
			);
			defaultConfigurationIsVisible = 0;
			defaultConfigurationName = Release;
		};
		C01FCF4E08A954540054247B /* Build configuration list for PBXProject "Hangulize" */ = {
			isa = XCConfigurationList;
			buildConfigurations = (
				C01FCF4F08A954540054247B /* Debug */,
				C01FCF5008A954540054247B /* Release */,
			);
			defaultConfigurationIsVisible = 0;
			defaultConfigurationName = Release;
		};
/* End XCConfigurationList section */
	};
	rootObject = 29B97313FDCFA39411CA2CEA /* Project object */;
}
