// !$*UTF8*$!
{
	archiveVersion = 1;
	classes = {
	};
	objectVersion = 51;
	objects = {

/* Begin PBXBuildFile section */
		3618A7ABA70D1D8D4684D43C /* Pods_HangulizeTests.framework in Frameworks */ = {isa = PBXBuildFile; fileRef = F5A091B7067063903F07C2C6 /* Pods_HangulizeTests.framework */; };
		3809E700239BF1B100D2E63A /* GADBannerView.swift in Sources */ = {isa = PBXBuildFile; fileRef = 3809E6FF239BF1B100D2E63A /* GADBannerView.swift */; };
		38891A94239BC38A00B1EACF /* Localizable.strings in Resources */ = {isa = PBXBuildFile; fileRef = 38891A96239BC38A00B1EACF /* Localizable.strings */; };
		388AE2D5239D1B750010DE8B /* GoogleService-Info.plist in Resources */ = {isa = PBXBuildFile; fileRef = 388AE2D4239D1B750010DE8B /* GoogleService-Info.plist */; };
		388AE2DF239D27910010DE8B /* InfoPlist.strings in Resources */ = {isa = PBXBuildFile; fileRef = 388AE2DD239D27760010DE8B /* InfoPlist.strings */; };
		388AE2E1239D2B210010DE8B /* Global.swift in Sources */ = {isa = PBXBuildFile; fileRef = 388AE2E0239D2B210010DE8B /* Global.swift */; };
		3893638923892025001D0DC9 /* UserState.swift in Sources */ = {isa = PBXBuildFile; fileRef = 3893638823892025001D0DC9 /* UserState.swift */; };
		389E69CA23899ED2008C642C /* Appearance.swift in Sources */ = {isa = PBXBuildFile; fileRef = 389E69C923899ED2008C642C /* Appearance.swift */; };
		38AE9E7D237ED61A006BAE33 /* AppDelegate.swift in Sources */ = {isa = PBXBuildFile; fileRef = 38AE9E7C237ED61A006BAE33 /* AppDelegate.swift */; };
		38AE9E7F237ED61A006BAE33 /* SceneDelegate.swift in Sources */ = {isa = PBXBuildFile; fileRef = 38AE9E7E237ED61A006BAE33 /* SceneDelegate.swift */; };
		38AE9E81237ED61A006BAE33 /* ContentView.swift in Sources */ = {isa = PBXBuildFile; fileRef = 38AE9E80237ED61A006BAE33 /* ContentView.swift */; };
		38AE9E83237ED61C006BAE33 /* Assets.xcassets in Resources */ = {isa = PBXBuildFile; fileRef = 38AE9E82237ED61C006BAE33 /* Assets.xcassets */; };
		38AE9E86237ED61C006BAE33 /* Preview Assets.xcassets in Resources */ = {isa = PBXBuildFile; fileRef = 38AE9E85237ED61C006BAE33 /* Preview Assets.xcassets */; };
		38AE9E89237ED61C006BAE33 /* LaunchScreen.storyboard in Resources */ = {isa = PBXBuildFile; fileRef = 38AE9E87237ED61C006BAE33 /* LaunchScreen.storyboard */; };
		38AE9E94237ED61C006BAE33 /* HangulizeTests.swift in Sources */ = {isa = PBXBuildFile; fileRef = 38AE9E93237ED61C006BAE33 /* HangulizeTests.swift */; };
		38AE9E9F237ED61D006BAE33 /* HangulizeUITests.swift in Sources */ = {isa = PBXBuildFile; fileRef = 38AE9E9E237ED61D006BAE33 /* HangulizeUITests.swift */; };
		38AE9EAD237ED89C006BAE33 /* API.swift in Sources */ = {isa = PBXBuildFile; fileRef = 38AE9EAC237ED89C006BAE33 /* API.swift */; };
		38D18A3223897DD700D3DF2D /* NetworkErrorView.swift in Sources */ = {isa = PBXBuildFile; fileRef = 38D18A3123897DD700D3DF2D /* NetworkErrorView.swift */; };
		DE3CBD6059DFB74B5224C5DA /* Pods_Hangulize.framework in Frameworks */ = {isa = PBXBuildFile; fileRef = E995FC29E8B8671832B00734 /* Pods_Hangulize.framework */; };
/* End PBXBuildFile section */

/* Begin PBXContainerItemProxy section */
		38AE9E90237ED61C006BAE33 /* PBXContainerItemProxy */ = {
			isa = PBXContainerItemProxy;
			containerPortal = 38AE9E71237ED61A006BAE33 /* Project object */;
			proxyType = 1;
			remoteGlobalIDString = 38AE9E78237ED61A006BAE33;
			remoteInfo = Hangulize;
		};
		38AE9E9B237ED61D006BAE33 /* PBXContainerItemProxy */ = {
			isa = PBXContainerItemProxy;
			containerPortal = 38AE9E71237ED61A006BAE33 /* Project object */;
			proxyType = 1;
			remoteGlobalIDString = 38AE9E78237ED61A006BAE33;
			remoteInfo = Hangulize;
		};
/* End PBXContainerItemProxy section */

/* Begin PBXFileReference section */
		3809E6FF239BF1B100D2E63A /* GADBannerView.swift */ = {isa = PBXFileReference; lastKnownFileType = sourcecode.swift; path = GADBannerView.swift; sourceTree = "<group>"; };
		38891A95239BC38A00B1EACF /* en */ = {isa = PBXFileReference; lastKnownFileType = text.plist.strings; name = en; path = en.lproj/Localizable.strings; sourceTree = "<group>"; };
		38891A97239BC43B00B1EACF /* ko */ = {isa = PBXFileReference; lastKnownFileType = text.plist.strings; name = ko; path = ko.lproj/Localizable.strings; sourceTree = "<group>"; };
		388AE2D4239D1B750010DE8B /* GoogleService-Info.plist */ = {isa = PBXFileReference; fileEncoding = 4; lastKnownFileType = text.plist.xml; path = "GoogleService-Info.plist"; sourceTree = "<group>"; };
		388AE2D9239D27300010DE8B /* Info.plist */ = {isa = PBXFileReference; fileEncoding = 4; lastKnownFileType = text.plist.xml; path = Info.plist; sourceTree = "<group>"; };
		388AE2DC239D27760010DE8B /* en */ = {isa = PBXFileReference; lastKnownFileType = text.plist.strings; name = en; path = en.lproj/InfoPlist.strings; sourceTree = "<group>"; };
		388AE2DE239D27790010DE8B /* ko */ = {isa = PBXFileReference; lastKnownFileType = text.plist.strings; name = ko; path = ko.lproj/InfoPlist.strings; sourceTree = "<group>"; };
		388AE2E0239D2B210010DE8B /* Global.swift */ = {isa = PBXFileReference; lastKnownFileType = sourcecode.swift; path = Global.swift; sourceTree = "<group>"; };
		389363852388F676001D0DC9 /* Hangulize.entitlements */ = {isa = PBXFileReference; lastKnownFileType = text.plist.entitlements; path = Hangulize.entitlements; sourceTree = "<group>"; };
		3893638823892025001D0DC9 /* UserState.swift */ = {isa = PBXFileReference; lastKnownFileType = sourcecode.swift; path = UserState.swift; sourceTree = "<group>"; };
		389E69C923899ED2008C642C /* Appearance.swift */ = {isa = PBXFileReference; lastKnownFileType = sourcecode.swift; path = Appearance.swift; sourceTree = "<group>"; };
		38AE9E79237ED61A006BAE33 /* Hangulize.app */ = {isa = PBXFileReference; explicitFileType = wrapper.application; includeInIndex = 0; path = Hangulize.app; sourceTree = BUILT_PRODUCTS_DIR; };
		38AE9E7C237ED61A006BAE33 /* AppDelegate.swift */ = {isa = PBXFileReference; lastKnownFileType = sourcecode.swift; path = AppDelegate.swift; sourceTree = "<group>"; };
		38AE9E7E237ED61A006BAE33 /* SceneDelegate.swift */ = {isa = PBXFileReference; lastKnownFileType = sourcecode.swift; path = SceneDelegate.swift; sourceTree = "<group>"; };
		38AE9E80237ED61A006BAE33 /* ContentView.swift */ = {isa = PBXFileReference; lastKnownFileType = sourcecode.swift; path = ContentView.swift; sourceTree = "<group>"; };
		38AE9E82237ED61C006BAE33 /* Assets.xcassets */ = {isa = PBXFileReference; lastKnownFileType = folder.assetcatalog; path = Assets.xcassets; sourceTree = "<group>"; };
		38AE9E85237ED61C006BAE33 /* Preview Assets.xcassets */ = {isa = PBXFileReference; lastKnownFileType = folder.assetcatalog; path = "Preview Assets.xcassets"; sourceTree = "<group>"; };
		38AE9E88237ED61C006BAE33 /* Base */ = {isa = PBXFileReference; lastKnownFileType = file.storyboard; name = Base; path = Base.lproj/LaunchScreen.storyboard; sourceTree = "<group>"; };
		38AE9E8F237ED61C006BAE33 /* HangulizeTests.xctest */ = {isa = PBXFileReference; explicitFileType = wrapper.cfbundle; includeInIndex = 0; path = HangulizeTests.xctest; sourceTree = BUILT_PRODUCTS_DIR; };
		38AE9E93237ED61C006BAE33 /* HangulizeTests.swift */ = {isa = PBXFileReference; lastKnownFileType = sourcecode.swift; path = HangulizeTests.swift; sourceTree = "<group>"; };
		38AE9E95237ED61C006BAE33 /* Info.plist */ = {isa = PBXFileReference; lastKnownFileType = text.plist.xml; path = Info.plist; sourceTree = "<group>"; };
		38AE9E9A237ED61C006BAE33 /* HangulizeUITests.xctest */ = {isa = PBXFileReference; explicitFileType = wrapper.cfbundle; includeInIndex = 0; path = HangulizeUITests.xctest; sourceTree = BUILT_PRODUCTS_DIR; };
		38AE9E9E237ED61D006BAE33 /* HangulizeUITests.swift */ = {isa = PBXFileReference; lastKnownFileType = sourcecode.swift; path = HangulizeUITests.swift; sourceTree = "<group>"; };
		38AE9EA0237ED61D006BAE33 /* Info.plist */ = {isa = PBXFileReference; lastKnownFileType = text.plist.xml; path = Info.plist; sourceTree = "<group>"; };
		38AE9EAC237ED89C006BAE33 /* API.swift */ = {isa = PBXFileReference; lastKnownFileType = sourcecode.swift; path = API.swift; sourceTree = "<group>"; };
		38D18A3123897DD700D3DF2D /* NetworkErrorView.swift */ = {isa = PBXFileReference; lastKnownFileType = sourcecode.swift; path = NetworkErrorView.swift; sourceTree = "<group>"; };
		442C00CC200B8BE13FB8C6FE /* Pods-Hangulize.release.xcconfig */ = {isa = PBXFileReference; includeInIndex = 1; lastKnownFileType = text.xcconfig; name = "Pods-Hangulize.release.xcconfig"; path = "Target Support Files/Pods-Hangulize/Pods-Hangulize.release.xcconfig"; sourceTree = "<group>"; };
		5D581C32210FCDBDA88CC000 /* Pods-HangulizeTests.debug.xcconfig */ = {isa = PBXFileReference; includeInIndex = 1; lastKnownFileType = text.xcconfig; name = "Pods-HangulizeTests.debug.xcconfig"; path = "Target Support Files/Pods-HangulizeTests/Pods-HangulizeTests.debug.xcconfig"; sourceTree = "<group>"; };
		B5151D43135888EA5C1E2068 /* Pods-HangulizeTests.release.xcconfig */ = {isa = PBXFileReference; includeInIndex = 1; lastKnownFileType = text.xcconfig; name = "Pods-HangulizeTests.release.xcconfig"; path = "Target Support Files/Pods-HangulizeTests/Pods-HangulizeTests.release.xcconfig"; sourceTree = "<group>"; };
		BAF7AEF5ADC9E24AFB90C68D /* Pods-Hangulize.debug.xcconfig */ = {isa = PBXFileReference; includeInIndex = 1; lastKnownFileType = text.xcconfig; name = "Pods-Hangulize.debug.xcconfig"; path = "Target Support Files/Pods-Hangulize/Pods-Hangulize.debug.xcconfig"; sourceTree = "<group>"; };
		E995FC29E8B8671832B00734 /* Pods_Hangulize.framework */ = {isa = PBXFileReference; explicitFileType = wrapper.framework; includeInIndex = 0; path = Pods_Hangulize.framework; sourceTree = BUILT_PRODUCTS_DIR; };
		F5A091B7067063903F07C2C6 /* Pods_HangulizeTests.framework */ = {isa = PBXFileReference; explicitFileType = wrapper.framework; includeInIndex = 0; path = Pods_HangulizeTests.framework; sourceTree = BUILT_PRODUCTS_DIR; };
/* End PBXFileReference section */

/* Begin PBXFrameworksBuildPhase section */
		38AE9E76237ED61A006BAE33 /* Frameworks */ = {
			isa = PBXFrameworksBuildPhase;
			buildActionMask = 2147483647;
			files = (
				DE3CBD6059DFB74B5224C5DA /* Pods_Hangulize.framework in Frameworks */,
			);
			runOnlyForDeploymentPostprocessing = 0;
		};
		38AE9E8C237ED61C006BAE33 /* Frameworks */ = {
			isa = PBXFrameworksBuildPhase;
			buildActionMask = 2147483647;
			files = (
				3618A7ABA70D1D8D4684D43C /* Pods_HangulizeTests.framework in Frameworks */,
			);
			runOnlyForDeploymentPostprocessing = 0;
		};
		38AE9E97237ED61C006BAE33 /* Frameworks */ = {
			isa = PBXFrameworksBuildPhase;
			buildActionMask = 2147483647;
			files = (
			);
			runOnlyForDeploymentPostprocessing = 0;
		};
/* End PBXFrameworksBuildPhase section */

/* Begin PBXGroup section */
		38AE9E70237ED61A006BAE33 = {
			isa = PBXGroup;
			children = (
				38AE9E7B237ED61A006BAE33 /* Hangulize */,
				38AE9E92237ED61C006BAE33 /* HangulizeTests */,
				38AE9E9D237ED61D006BAE33 /* HangulizeUITests */,
				38AE9E7A237ED61A006BAE33 /* Products */,
				9276C61650037C4C3539C865 /* Pods */,
				F57B8F6B61D378CB70C2C3DD /* Frameworks */,
			);
			sourceTree = "<group>";
		};
		38AE9E7A237ED61A006BAE33 /* Products */ = {
			isa = PBXGroup;
			children = (
				38AE9E79237ED61A006BAE33 /* Hangulize.app */,
				38AE9E8F237ED61C006BAE33 /* HangulizeTests.xctest */,
				38AE9E9A237ED61C006BAE33 /* HangulizeUITests.xctest */,
			);
			name = Products;
			sourceTree = "<group>";
		};
		38AE9E7B237ED61A006BAE33 /* Hangulize */ = {
			isa = PBXGroup;
			children = (
				389363852388F676001D0DC9 /* Hangulize.entitlements */,
				38D18A342389845900D3DF2D /* Application */,
				38D18A352389846300D3DF2D /* Data */,
				38AE9E82237ED61C006BAE33 /* Assets.xcassets */,
				38AE9E87237ED61C006BAE33 /* LaunchScreen.storyboard */,
				388AE2D9239D27300010DE8B /* Info.plist */,
				388AE2DD239D27760010DE8B /* InfoPlist.strings */,
				388AE2D4239D1B750010DE8B /* GoogleService-Info.plist */,
				38AE9E84237ED61C006BAE33 /* Preview Content */,
				38891A96239BC38A00B1EACF /* Localizable.strings */,
			);
			path = Hangulize;
			sourceTree = "<group>";
		};
		38AE9E84237ED61C006BAE33 /* Preview Content */ = {
			isa = PBXGroup;
			children = (
				38AE9E85237ED61C006BAE33 /* Preview Assets.xcassets */,
			);
			path = "Preview Content";
			sourceTree = "<group>";
		};
		38AE9E92237ED61C006BAE33 /* HangulizeTests */ = {
			isa = PBXGroup;
			children = (
				38AE9E93237ED61C006BAE33 /* HangulizeTests.swift */,
				38AE9E95237ED61C006BAE33 /* Info.plist */,
			);
			path = HangulizeTests;
			sourceTree = "<group>";
		};
		38AE9E9D237ED61D006BAE33 /* HangulizeUITests */ = {
			isa = PBXGroup;
			children = (
				38AE9E9E237ED61D006BAE33 /* HangulizeUITests.swift */,
				38AE9EA0237ED61D006BAE33 /* Info.plist */,
			);
			path = HangulizeUITests;
			sourceTree = "<group>";
		};
		38D18A342389845900D3DF2D /* Application */ = {
			isa = PBXGroup;
			children = (
				38AE9E7C237ED61A006BAE33 /* AppDelegate.swift */,
				38AE9E7E237ED61A006BAE33 /* SceneDelegate.swift */,
				38AE9E80237ED61A006BAE33 /* ContentView.swift */,
				3809E6FF239BF1B100D2E63A /* GADBannerView.swift */,
				38D18A3123897DD700D3DF2D /* NetworkErrorView.swift */,
				389E69C923899ED2008C642C /* Appearance.swift */,
			);
			path = Application;
			sourceTree = "<group>";
		};
		38D18A352389846300D3DF2D /* Data */ = {
			isa = PBXGroup;
			children = (
				38AE9EAC237ED89C006BAE33 /* API.swift */,
				3893638823892025001D0DC9 /* UserState.swift */,
				388AE2E0239D2B210010DE8B /* Global.swift */,
			);
			path = Data;
			sourceTree = "<group>";
		};
		9276C61650037C4C3539C865 /* Pods */ = {
			isa = PBXGroup;
			children = (
				BAF7AEF5ADC9E24AFB90C68D /* Pods-Hangulize.debug.xcconfig */,
				442C00CC200B8BE13FB8C6FE /* Pods-Hangulize.release.xcconfig */,
				5D581C32210FCDBDA88CC000 /* Pods-HangulizeTests.debug.xcconfig */,
				B5151D43135888EA5C1E2068 /* Pods-HangulizeTests.release.xcconfig */,
			);
			path = Pods;
			sourceTree = "<group>";
		};
		F57B8F6B61D378CB70C2C3DD /* Frameworks */ = {
			isa = PBXGroup;
			children = (
				E995FC29E8B8671832B00734 /* Pods_Hangulize.framework */,
				F5A091B7067063903F07C2C6 /* Pods_HangulizeTests.framework */,
			);
			name = Frameworks;
			sourceTree = "<group>";
		};
/* End PBXGroup section */

/* Begin PBXNativeTarget section */
		38AE9E78237ED61A006BAE33 /* Hangulize */ = {
			isa = PBXNativeTarget;
			buildConfigurationList = 38AE9EA3237ED61D006BAE33 /* Build configuration list for PBXNativeTarget "Hangulize" */;
			buildPhases = (
				259FD3DC112EE6E040273F9A /* [CP] Check Pods Manifest.lock */,
				38AE9E75237ED61A006BAE33 /* Sources */,
				38AE9E76237ED61A006BAE33 /* Frameworks */,
				38AE9E77237ED61A006BAE33 /* Resources */,
				3F3CEE2FAFE18AE6671D561A /* [CP] Embed Pods Frameworks */,
				388AE2D1239D12080010DE8B /* Run Crashlytics */,
			);
			buildRules = (
			);
			dependencies = (
			);
			name = Hangulize;
			productName = Hangulize;
			productReference = 38AE9E79237ED61A006BAE33 /* Hangulize.app */;
			productType = "com.apple.product-type.application";
		};
		38AE9E8E237ED61C006BAE33 /* HangulizeTests */ = {
			isa = PBXNativeTarget;
			buildConfigurationList = 38AE9EA6237ED61D006BAE33 /* Build configuration list for PBXNativeTarget "HangulizeTests" */;
			buildPhases = (
				6970D686C28765684933BCCE /* [CP] Check Pods Manifest.lock */,
				38AE9E8B237ED61C006BAE33 /* Sources */,
				38AE9E8C237ED61C006BAE33 /* Frameworks */,
				38AE9E8D237ED61C006BAE33 /* Resources */,
				B9DA77E80822E41090D8F58C /* [CP] Embed Pods Frameworks */,
			);
			buildRules = (
			);
			dependencies = (
				38AE9E91237ED61C006BAE33 /* PBXTargetDependency */,
			);
			name = HangulizeTests;
			productName = HangulizeTests;
			productReference = 38AE9E8F237ED61C006BAE33 /* HangulizeTests.xctest */;
			productType = "com.apple.product-type.bundle.unit-test";
		};
		38AE9E99237ED61C006BAE33 /* HangulizeUITests */ = {
			isa = PBXNativeTarget;
			buildConfigurationList = 38AE9EA9237ED61D006BAE33 /* Build configuration list for PBXNativeTarget "HangulizeUITests" */;
			buildPhases = (
				38AE9E96237ED61C006BAE33 /* Sources */,
				38AE9E97237ED61C006BAE33 /* Frameworks */,
				38AE9E98237ED61C006BAE33 /* Resources */,
			);
			buildRules = (
			);
			dependencies = (
				38AE9E9C237ED61D006BAE33 /* PBXTargetDependency */,
			);
			name = HangulizeUITests;
			productName = HangulizeUITests;
			productReference = 38AE9E9A237ED61C006BAE33 /* HangulizeUITests.xctest */;
			productType = "com.apple.product-type.bundle.ui-testing";
		};
/* End PBXNativeTarget section */

/* Begin PBXProject section */
		38AE9E71237ED61A006BAE33 /* Project object */ = {
			isa = PBXProject;
			attributes = {
				LastSwiftUpdateCheck = 1120;
				LastUpgradeCheck = 1120;
				ORGANIZATIONNAME = "Jeong YunWon";
				TargetAttributes = {
					38AE9E78237ED61A006BAE33 = {
						CreatedOnToolsVersion = 11.2;
					};
					38AE9E8E237ED61C006BAE33 = {
						CreatedOnToolsVersion = 11.2;
						TestTargetID = 38AE9E78237ED61A006BAE33;
					};
					38AE9E99237ED61C006BAE33 = {
						CreatedOnToolsVersion = 11.2;
						TestTargetID = 38AE9E78237ED61A006BAE33;
					};
				};
			};
			buildConfigurationList = 38AE9E74237ED61A006BAE33 /* Build configuration list for PBXProject "Hangulize" */;
			compatibilityVersion = "Xcode 9.3";
			developmentRegion = en;
			hasScannedForEncodings = 0;
			knownRegions = (
				en,
				Base,
				ko,
			);
			mainGroup = 38AE9E70237ED61A006BAE33;
			productRefGroup = 38AE9E7A237ED61A006BAE33 /* Products */;
			projectDirPath = "";
			projectRoot = "";
			targets = (
				38AE9E78237ED61A006BAE33 /* Hangulize */,
				38AE9E8E237ED61C006BAE33 /* HangulizeTests */,
				38AE9E99237ED61C006BAE33 /* HangulizeUITests */,
			);
		};
/* End PBXProject section */

/* Begin PBXResourcesBuildPhase section */
		38AE9E77237ED61A006BAE33 /* Resources */ = {
			isa = PBXResourcesBuildPhase;
			buildActionMask = 2147483647;
			files = (
				38AE9E89237ED61C006BAE33 /* LaunchScreen.storyboard in Resources */,
				388AE2DF239D27910010DE8B /* InfoPlist.strings in Resources */,
				38891A94239BC38A00B1EACF /* Localizable.strings in Resources */,
				388AE2D5239D1B750010DE8B /* GoogleService-Info.plist in Resources */,
				38AE9E86237ED61C006BAE33 /* Preview Assets.xcassets in Resources */,
				38AE9E83237ED61C006BAE33 /* Assets.xcassets in Resources */,
			);
			runOnlyForDeploymentPostprocessing = 0;
		};
		38AE9E8D237ED61C006BAE33 /* Resources */ = {
			isa = PBXResourcesBuildPhase;
			buildActionMask = 2147483647;
			files = (
			);
			runOnlyForDeploymentPostprocessing = 0;
		};
		38AE9E98237ED61C006BAE33 /* Resources */ = {
			isa = PBXResourcesBuildPhase;
			buildActionMask = 2147483647;
			files = (
			);
			runOnlyForDeploymentPostprocessing = 0;
		};
/* End PBXResourcesBuildPhase section */

/* Begin PBXShellScriptBuildPhase section */
		259FD3DC112EE6E040273F9A /* [CP] Check Pods Manifest.lock */ = {
			isa = PBXShellScriptBuildPhase;
			buildActionMask = 2147483647;
			files = (
			);
			inputFileListPaths = (
			);
			inputPaths = (
				"${PODS_PODFILE_DIR_PATH}/Podfile.lock",
				"${PODS_ROOT}/Manifest.lock",
			);
			name = "[CP] Check Pods Manifest.lock";
			outputFileListPaths = (
			);
			outputPaths = (
				"$(DERIVED_FILE_DIR)/Pods-Hangulize-checkManifestLockResult.txt",
			);
			runOnlyForDeploymentPostprocessing = 0;
			shellPath = /bin/sh;
			shellScript = "diff \"${PODS_PODFILE_DIR_PATH}/Podfile.lock\" \"${PODS_ROOT}/Manifest.lock\" > /dev/null\nif [ $? != 0 ] ; then\n    # print error to STDERR\n    echo \"error: The sandbox is not in sync with the Podfile.lock. Run 'pod install' or update your CocoaPods installation.\" >&2\n    exit 1\nfi\n# This output is used by Xcode 'outputs' to avoid re-running this script phase.\necho \"SUCCESS\" > \"${SCRIPT_OUTPUT_FILE_0}\"\n";
			showEnvVarsInLog = 0;
		};
		388AE2D1239D12080010DE8B /* Run Crashlytics */ = {
			isa = PBXShellScriptBuildPhase;
			buildActionMask = 2147483647;
			files = (
			);
			inputFileListPaths = (
			);
			inputPaths = (
			);
			name = "Run Crashlytics";
			outputFileListPaths = (
			);
			outputPaths = (
			);
			runOnlyForDeploymentPostprocessing = 0;
			shellPath = /bin/sh;
			shellScript = "\"${PODS_ROOT}/Fabric/run\"\n";
		};
		3F3CEE2FAFE18AE6671D561A /* [CP] Embed Pods Frameworks */ = {
			isa = PBXShellScriptBuildPhase;
			buildActionMask = 2147483647;
			files = (
			);
			inputFileListPaths = (
				"${PODS_ROOT}/Target Support Files/Pods-Hangulize/Pods-Hangulize-frameworks-${CONFIGURATION}-input-files.xcfilelist",
			);
			name = "[CP] Embed Pods Frameworks";
			outputFileListPaths = (
				"${PODS_ROOT}/Target Support Files/Pods-Hangulize/Pods-Hangulize-frameworks-${CONFIGURATION}-output-files.xcfilelist",
			);
			runOnlyForDeploymentPostprocessing = 0;
			shellPath = /bin/sh;
			shellScript = "\"${PODS_ROOT}/Target Support Files/Pods-Hangulize/Pods-Hangulize-frameworks.sh\"\n";
			showEnvVarsInLog = 0;
		};
		6970D686C28765684933BCCE /* [CP] Check Pods Manifest.lock */ = {
			isa = PBXShellScriptBuildPhase;
			buildActionMask = 2147483647;
			files = (
			);
			inputFileListPaths = (
			);
			inputPaths = (
				"${PODS_PODFILE_DIR_PATH}/Podfile.lock",
				"${PODS_ROOT}/Manifest.lock",
			);
			name = "[CP] Check Pods Manifest.lock";
			outputFileListPaths = (
			);
			outputPaths = (
				"$(DERIVED_FILE_DIR)/Pods-HangulizeTests-checkManifestLockResult.txt",
			);
			runOnlyForDeploymentPostprocessing = 0;
			shellPath = /bin/sh;
			shellScript = "diff \"${PODS_PODFILE_DIR_PATH}/Podfile.lock\" \"${PODS_ROOT}/Manifest.lock\" > /dev/null\nif [ $? != 0 ] ; then\n    # print error to STDERR\n    echo \"error: The sandbox is not in sync with the Podfile.lock. Run 'pod install' or update your CocoaPods installation.\" >&2\n    exit 1\nfi\n# This output is used by Xcode 'outputs' to avoid re-running this script phase.\necho \"SUCCESS\" > \"${SCRIPT_OUTPUT_FILE_0}\"\n";
			showEnvVarsInLog = 0;
		};
		B9DA77E80822E41090D8F58C /* [CP] Embed Pods Frameworks */ = {
			isa = PBXShellScriptBuildPhase;
			buildActionMask = 2147483647;
			files = (
			);
			inputFileListPaths = (
				"${PODS_ROOT}/Target Support Files/Pods-HangulizeTests/Pods-HangulizeTests-frameworks-${CONFIGURATION}-input-files.xcfilelist",
			);
			name = "[CP] Embed Pods Frameworks";
			outputFileListPaths = (
				"${PODS_ROOT}/Target Support Files/Pods-HangulizeTests/Pods-HangulizeTests-frameworks-${CONFIGURATION}-output-files.xcfilelist",
			);
			runOnlyForDeploymentPostprocessing = 0;
			shellPath = /bin/sh;
			shellScript = "\"${PODS_ROOT}/Target Support Files/Pods-HangulizeTests/Pods-HangulizeTests-frameworks.sh\"\n";
			showEnvVarsInLog = 0;
		};
/* End PBXShellScriptBuildPhase section */

/* Begin PBXSourcesBuildPhase section */
		38AE9E75237ED61A006BAE33 /* Sources */ = {
			isa = PBXSourcesBuildPhase;
			buildActionMask = 2147483647;
			files = (
				38AE9E7D237ED61A006BAE33 /* AppDelegate.swift in Sources */,
				389E69CA23899ED2008C642C /* Appearance.swift in Sources */,
				3893638923892025001D0DC9 /* UserState.swift in Sources */,
				3809E700239BF1B100D2E63A /* GADBannerView.swift in Sources */,
				38AE9E7F237ED61A006BAE33 /* SceneDelegate.swift in Sources */,
				38AE9EAD237ED89C006BAE33 /* API.swift in Sources */,
				38D18A3223897DD700D3DF2D /* NetworkErrorView.swift in Sources */,
				38AE9E81237ED61A006BAE33 /* ContentView.swift in Sources */,
				388AE2E1239D2B210010DE8B /* Global.swift in Sources */,
			);
			runOnlyForDeploymentPostprocessing = 0;
		};
		38AE9E8B237ED61C006BAE33 /* Sources */ = {
			isa = PBXSourcesBuildPhase;
			buildActionMask = 2147483647;
			files = (
				38AE9E94237ED61C006BAE33 /* HangulizeTests.swift in Sources */,
			);
			runOnlyForDeploymentPostprocessing = 0;
		};
		38AE9E96237ED61C006BAE33 /* Sources */ = {
			isa = PBXSourcesBuildPhase;
			buildActionMask = 2147483647;
			files = (
				38AE9E9F237ED61D006BAE33 /* HangulizeUITests.swift in Sources */,
			);
			runOnlyForDeploymentPostprocessing = 0;
		};
/* End PBXSourcesBuildPhase section */

/* Begin PBXTargetDependency section */
		38AE9E91237ED61C006BAE33 /* PBXTargetDependency */ = {
			isa = PBXTargetDependency;
			target = 38AE9E78237ED61A006BAE33 /* Hangulize */;
			targetProxy = 38AE9E90237ED61C006BAE33 /* PBXContainerItemProxy */;
		};
		38AE9E9C237ED61D006BAE33 /* PBXTargetDependency */ = {
			isa = PBXTargetDependency;
			target = 38AE9E78237ED61A006BAE33 /* Hangulize */;
			targetProxy = 38AE9E9B237ED61D006BAE33 /* PBXContainerItemProxy */;
		};
/* End PBXTargetDependency section */

/* Begin PBXVariantGroup section */
		38891A96239BC38A00B1EACF /* Localizable.strings */ = {
			isa = PBXVariantGroup;
			children = (
				38891A95239BC38A00B1EACF /* en */,
				38891A97239BC43B00B1EACF /* ko */,
			);
			name = Localizable.strings;
			sourceTree = "<group>";
		};
		388AE2DD239D27760010DE8B /* InfoPlist.strings */ = {
			isa = PBXVariantGroup;
			children = (
				388AE2DC239D27760010DE8B /* en */,
				388AE2DE239D27790010DE8B /* ko */,
			);
			name = InfoPlist.strings;
			path = /Users/youknowone/Projects/Hangulize/Hangulize;
			sourceTree = "<absolute>";
		};
		38AE9E87237ED61C006BAE33 /* LaunchScreen.storyboard */ = {
			isa = PBXVariantGroup;
			children = (
				38AE9E88237ED61C006BAE33 /* Base */,
			);
			name = LaunchScreen.storyboard;
			sourceTree = "<group>";
		};
/* End PBXVariantGroup section */

/* Begin XCBuildConfiguration section */
		38AE9EA1237ED61D006BAE33 /* Debug */ = {
			isa = XCBuildConfiguration;
			buildSettings = {
				ALWAYS_SEARCH_USER_PATHS = NO;
				CLANG_ANALYZER_LOCALIZABILITY_NONLOCALIZED = YES;
				CLANG_ANALYZER_NONNULL = YES;
				CLANG_ANALYZER_NUMBER_OBJECT_CONVERSION = YES_AGGRESSIVE;
				CLANG_CXX_LANGUAGE_STANDARD = "gnu++14";
				CLANG_CXX_LIBRARY = "libc++";
				CLANG_ENABLE_MODULES = YES;
				CLANG_ENABLE_OBJC_ARC = YES;
				CLANG_ENABLE_OBJC_WEAK = YES;
				CLANG_WARN_BLOCK_CAPTURE_AUTORELEASING = YES;
				CLANG_WARN_BOOL_CONVERSION = YES;
				CLANG_WARN_COMMA = YES;
				CLANG_WARN_CONSTANT_CONVERSION = YES;
				CLANG_WARN_DEPRECATED_OBJC_IMPLEMENTATIONS = YES;
				CLANG_WARN_DIRECT_OBJC_ISA_USAGE = YES_ERROR;
				CLANG_WARN_DOCUMENTATION_COMMENTS = YES;
				CLANG_WARN_EMPTY_BODY = YES;
				CLANG_WARN_ENUM_CONVERSION = YES;
				CLANG_WARN_INFINITE_RECURSION = YES;
				CLANG_WARN_INT_CONVERSION = YES;
				CLANG_WARN_NON_LITERAL_NULL_CONVERSION = YES;
				CLANG_WARN_OBJC_IMPLICIT_RETAIN_SELF = YES;
				CLANG_WARN_OBJC_LITERAL_CONVERSION = YES;
				CLANG_WARN_OBJC_ROOT_CLASS = YES_ERROR;
				CLANG_WARN_RANGE_LOOP_ANALYSIS = YES;
				CLANG_WARN_STRICT_PROTOTYPES = YES;
				CLANG_WARN_SUSPICIOUS_MOVE = YES;
				CLANG_WARN_UNGUARDED_AVAILABILITY = YES_AGGRESSIVE;
				CLANG_WARN_UNREACHABLE_CODE = YES;
				CLANG_WARN__DUPLICATE_METHOD_MATCH = YES;
				COPY_PHASE_STRIP = NO;
				DEBUG_INFORMATION_FORMAT = dwarf;
				ENABLE_STRICT_OBJC_MSGSEND = YES;
				ENABLE_TESTABILITY = YES;
				GCC_C_LANGUAGE_STANDARD = gnu11;
				GCC_DYNAMIC_NO_PIC = NO;
				GCC_NO_COMMON_BLOCKS = YES;
				GCC_OPTIMIZATION_LEVEL = 0;
				GCC_PREPROCESSOR_DEFINITIONS = (
					"DEBUG=1",
					"$(inherited)",
				);
				GCC_WARN_64_TO_32_BIT_CONVERSION = YES;
				GCC_WARN_ABOUT_RETURN_TYPE = YES_ERROR;
				GCC_WARN_UNDECLARED_SELECTOR = YES;
				GCC_WARN_UNINITIALIZED_AUTOS = YES_AGGRESSIVE;
				GCC_WARN_UNUSED_FUNCTION = YES;
				GCC_WARN_UNUSED_VARIABLE = YES;
				IPHONEOS_DEPLOYMENT_TARGET = 13.2;
				MTL_ENABLE_DEBUG_INFO = INCLUDE_SOURCE;
				MTL_FAST_MATH = YES;
				ONLY_ACTIVE_ARCH = YES;
				SDKROOT = iphoneos;
				SWIFT_ACTIVE_COMPILATION_CONDITIONS = DEBUG;
				SWIFT_OPTIMIZATION_LEVEL = "-Onone";
			};
			name = Debug;
		};
		38AE9EA2237ED61D006BAE33 /* Release */ = {
			isa = XCBuildConfiguration;
			buildSettings = {
				ALWAYS_SEARCH_USER_PATHS = NO;
				CLANG_ANALYZER_LOCALIZABILITY_NONLOCALIZED = YES;
				CLANG_ANALYZER_NONNULL = YES;
				CLANG_ANALYZER_NUMBER_OBJECT_CONVERSION = YES_AGGRESSIVE;
				CLANG_CXX_LANGUAGE_STANDARD = "gnu++14";
				CLANG_CXX_LIBRARY = "libc++";
				CLANG_ENABLE_MODULES = YES;
				CLANG_ENABLE_OBJC_ARC = YES;
				CLANG_ENABLE_OBJC_WEAK = YES;
				CLANG_WARN_BLOCK_CAPTURE_AUTORELEASING = YES;
				CLANG_WARN_BOOL_CONVERSION = YES;
				CLANG_WARN_COMMA = YES;
				CLANG_WARN_CONSTANT_CONVERSION = YES;
				CLANG_WARN_DEPRECATED_OBJC_IMPLEMENTATIONS = YES;
				CLANG_WARN_DIRECT_OBJC_ISA_USAGE = YES_ERROR;
				CLANG_WARN_DOCUMENTATION_COMMENTS = YES;
				CLANG_WARN_EMPTY_BODY = YES;
				CLANG_WARN_ENUM_CONVERSION = YES;
				CLANG_WARN_INFINITE_RECURSION = YES;
				CLANG_WARN_INT_CONVERSION = YES;
				CLANG_WARN_NON_LITERAL_NULL_CONVERSION = YES;
				CLANG_WARN_OBJC_IMPLICIT_RETAIN_SELF = YES;
				CLANG_WARN_OBJC_LITERAL_CONVERSION = YES;
				CLANG_WARN_OBJC_ROOT_CLASS = YES_ERROR;
				CLANG_WARN_RANGE_LOOP_ANALYSIS = YES;
				CLANG_WARN_STRICT_PROTOTYPES = YES;
				CLANG_WARN_SUSPICIOUS_MOVE = YES;
				CLANG_WARN_UNGUARDED_AVAILABILITY = YES_AGGRESSIVE;
				CLANG_WARN_UNREACHABLE_CODE = YES;
				CLANG_WARN__DUPLICATE_METHOD_MATCH = YES;
				COPY_PHASE_STRIP = NO;
				DEBUG_INFORMATION_FORMAT = "dwarf-with-dsym";
				ENABLE_NS_ASSERTIONS = NO;
				ENABLE_STRICT_OBJC_MSGSEND = YES;
				GCC_C_LANGUAGE_STANDARD = gnu11;
				GCC_NO_COMMON_BLOCKS = YES;
				GCC_WARN_64_TO_32_BIT_CONVERSION = YES;
				GCC_WARN_ABOUT_RETURN_TYPE = YES_ERROR;
				GCC_WARN_UNDECLARED_SELECTOR = YES;
				GCC_WARN_UNINITIALIZED_AUTOS = YES_AGGRESSIVE;
				GCC_WARN_UNUSED_FUNCTION = YES;
				GCC_WARN_UNUSED_VARIABLE = YES;
				IPHONEOS_DEPLOYMENT_TARGET = 13.2;
				MTL_ENABLE_DEBUG_INFO = NO;
				MTL_FAST_MATH = YES;
				SDKROOT = iphoneos;
				SWIFT_COMPILATION_MODE = wholemodule;
				SWIFT_OPTIMIZATION_LEVEL = "-O";
				VALIDATE_PRODUCT = YES;
			};
			name = Release;
		};
		38AE9EA4237ED61D006BAE33 /* Debug */ = {
			isa = XCBuildConfiguration;
			baseConfigurationReference = BAF7AEF5ADC9E24AFB90C68D /* Pods-Hangulize.debug.xcconfig */;
			buildSettings = {
				ASSETCATALOG_COMPILER_APPICON_NAME = AppIcon;
				CODE_SIGN_ENTITLEMENTS = Hangulize/Hangulize.entitlements;
				CODE_SIGN_STYLE = Automatic;
				CURRENT_PROJECT_VERSION = 2.0;
				DERIVE_MACCATALYST_PRODUCT_BUNDLE_IDENTIFIER = YES;
				DEVELOPMENT_ASSET_PATHS = "\"Hangulize/Preview Content\"";
				DEVELOPMENT_TEAM = 9384JEL3M9;
				ENABLE_PREVIEWS = YES;
				INFOPLIST_FILE = Hangulize/Info.plist;
				LD_RUNPATH_SEARCH_PATHS = (
					"$(inherited)",
					"@executable_path/Frameworks",
				);
				MARKETING_VERSION = 2.0;
				PRODUCT_BUNDLE_IDENTIFIER = org.3rddev.Hangulize;
				PRODUCT_NAME = "$(TARGET_NAME)";
				SUPPORTS_MACCATALYST = YES;
				SWIFT_VERSION = 5.0;
				TARGETED_DEVICE_FAMILY = "1,2";
			};
			name = Debug;
		};
		38AE9EA5237ED61D006BAE33 /* Release */ = {
			isa = XCBuildConfiguration;
			baseConfigurationReference = 442C00CC200B8BE13FB8C6FE /* Pods-Hangulize.release.xcconfig */;
			buildSettings = {
				ASSETCATALOG_COMPILER_APPICON_NAME = AppIcon;
				CODE_SIGN_ENTITLEMENTS = Hangulize/Hangulize.entitlements;
				CODE_SIGN_STYLE = Automatic;
				CURRENT_PROJECT_VERSION = 2.0;
				DERIVE_MACCATALYST_PRODUCT_BUNDLE_IDENTIFIER = YES;
				DEVELOPMENT_ASSET_PATHS = "\"Hangulize/Preview Content\"";
				DEVELOPMENT_TEAM = 9384JEL3M9;
				ENABLE_PREVIEWS = YES;
				INFOPLIST_FILE = Hangulize/Info.plist;
				LD_RUNPATH_SEARCH_PATHS = (
					"$(inherited)",
					"@executable_path/Frameworks",
				);
				MARKETING_VERSION = 2.0;
				PRODUCT_BUNDLE_IDENTIFIER = org.3rddev.Hangulize;
				PRODUCT_NAME = "$(TARGET_NAME)";
				SUPPORTS_MACCATALYST = YES;
				SWIFT_VERSION = 5.0;
				TARGETED_DEVICE_FAMILY = "1,2";
			};
			name = Release;
		};
		38AE9EA7237ED61D006BAE33 /* Debug */ = {
			isa = XCBuildConfiguration;
			baseConfigurationReference = 5D581C32210FCDBDA88CC000 /* Pods-HangulizeTests.debug.xcconfig */;
			buildSettings = {
				ALWAYS_EMBED_SWIFT_STANDARD_LIBRARIES = YES;
				BUNDLE_LOADER = "$(TEST_HOST)";
				CODE_SIGN_STYLE = Automatic;
				DEVELOPMENT_TEAM = 9384JEL3M9;
				INFOPLIST_FILE = HangulizeTests/Info.plist;
				IPHONEOS_DEPLOYMENT_TARGET = 13.2;
				LD_RUNPATH_SEARCH_PATHS = (
					"$(inherited)",
					"@executable_path/Frameworks",
					"@loader_path/Frameworks",
				);
				PRODUCT_BUNDLE_IDENTIFIER = org.3rddev.HangulizeTests;
				PRODUCT_NAME = "$(TARGET_NAME)";
				SWIFT_VERSION = 5.0;
				TARGETED_DEVICE_FAMILY = "1,2";
				TEST_HOST = "$(BUILT_PRODUCTS_DIR)/Hangulize.app/Hangulize";
			};
			name = Debug;
		};
		38AE9EA8237ED61D006BAE33 /* Release */ = {
			isa = XCBuildConfiguration;
			baseConfigurationReference = B5151D43135888EA5C1E2068 /* Pods-HangulizeTests.release.xcconfig */;
			buildSettings = {
				ALWAYS_EMBED_SWIFT_STANDARD_LIBRARIES = YES;
				BUNDLE_LOADER = "$(TEST_HOST)";
				CODE_SIGN_STYLE = Automatic;
				DEVELOPMENT_TEAM = 9384JEL3M9;
				INFOPLIST_FILE = HangulizeTests/Info.plist;
				IPHONEOS_DEPLOYMENT_TARGET = 13.2;
				LD_RUNPATH_SEARCH_PATHS = (
					"$(inherited)",
					"@executable_path/Frameworks",
					"@loader_path/Frameworks",
				);
				PRODUCT_BUNDLE_IDENTIFIER = org.3rddev.HangulizeTests;
				PRODUCT_NAME = "$(TARGET_NAME)";
				SWIFT_VERSION = 5.0;
				TARGETED_DEVICE_FAMILY = "1,2";
				TEST_HOST = "$(BUILT_PRODUCTS_DIR)/Hangulize.app/Hangulize";
			};
			name = Release;
		};
		38AE9EAA237ED61D006BAE33 /* Debug */ = {
			isa = XCBuildConfiguration;
			buildSettings = {
				ALWAYS_EMBED_SWIFT_STANDARD_LIBRARIES = YES;
				CODE_SIGN_STYLE = Automatic;
				DEVELOPMENT_TEAM = 9384JEL3M9;
				INFOPLIST_FILE = HangulizeUITests/Info.plist;
				LD_RUNPATH_SEARCH_PATHS = (
					"$(inherited)",
					"@executable_path/Frameworks",
					"@loader_path/Frameworks",
				);
				PRODUCT_BUNDLE_IDENTIFIER = org.3rddev.HangulizeUITests;
				PRODUCT_NAME = "$(TARGET_NAME)";
				SWIFT_VERSION = 5.0;
				TARGETED_DEVICE_FAMILY = "1,2";
				TEST_TARGET_NAME = Hangulize;
			};
			name = Debug;
		};
		38AE9EAB237ED61D006BAE33 /* Release */ = {
			isa = XCBuildConfiguration;
			buildSettings = {
				ALWAYS_EMBED_SWIFT_STANDARD_LIBRARIES = YES;
				CODE_SIGN_STYLE = Automatic;
				DEVELOPMENT_TEAM = 9384JEL3M9;
				INFOPLIST_FILE = HangulizeUITests/Info.plist;
				LD_RUNPATH_SEARCH_PATHS = (
					"$(inherited)",
					"@executable_path/Frameworks",
					"@loader_path/Frameworks",
				);
				PRODUCT_BUNDLE_IDENTIFIER = org.3rddev.HangulizeUITests;
				PRODUCT_NAME = "$(TARGET_NAME)";
				SWIFT_VERSION = 5.0;
				TARGETED_DEVICE_FAMILY = "1,2";
				TEST_TARGET_NAME = Hangulize;
			};
			name = Release;
		};
/* End XCBuildConfiguration section */

/* Begin XCConfigurationList section */
		38AE9E74237ED61A006BAE33 /* Build configuration list for PBXProject "Hangulize" */ = {
			isa = XCConfigurationList;
			buildConfigurations = (
				38AE9EA1237ED61D006BAE33 /* Debug */,
				38AE9EA2237ED61D006BAE33 /* Release */,
			);
			defaultConfigurationIsVisible = 0;
			defaultConfigurationName = Release;
		};
		38AE9EA3237ED61D006BAE33 /* Build configuration list for PBXNativeTarget "Hangulize" */ = {
			isa = XCConfigurationList;
			buildConfigurations = (
				38AE9EA4237ED61D006BAE33 /* Debug */,
				38AE9EA5237ED61D006BAE33 /* Release */,
			);
			defaultConfigurationIsVisible = 0;
			defaultConfigurationName = Release;
		};
		38AE9EA6237ED61D006BAE33 /* Build configuration list for PBXNativeTarget "HangulizeTests" */ = {
			isa = XCConfigurationList;
			buildConfigurations = (
				38AE9EA7237ED61D006BAE33 /* Debug */,
				38AE9EA8237ED61D006BAE33 /* Release */,
			);
			defaultConfigurationIsVisible = 0;
			defaultConfigurationName = Release;
		};
		38AE9EA9237ED61D006BAE33 /* Build configuration list for PBXNativeTarget "HangulizeUITests" */ = {
			isa = XCConfigurationList;
			buildConfigurations = (
				38AE9EAA237ED61D006BAE33 /* Debug */,
				38AE9EAB237ED61D006BAE33 /* Release */,
			);
			defaultConfigurationIsVisible = 0;
			defaultConfigurationName = Release;
		};
/* End XCConfigurationList section */
	};
	rootObject = 38AE9E71237ED61A006BAE33 /* Project object */;
}
